// !$*UTF8*$!
{
	archiveVersion = 1;
	classes = {
	};
	objectVersion = 50;
	objects = {

/* Begin PBXBuildFile section */
		8BBD13C021F203E200461F0B /* AppDelegate.swift in Sources */ = {isa = PBXBuildFile; fileRef = 8BBD13BF21F203E200461F0B /* AppDelegate.swift */; };
		8BBD13C221F203E200461F0B /* ViewController.swift in Sources */ = {isa = PBXBuildFile; fileRef = 8BBD13C121F203E200461F0B /* ViewController.swift */; };
		8BBD13C421F203E300461F0B /* Assets.xcassets in Resources */ = {isa = PBXBuildFile; fileRef = 8BBD13C321F203E300461F0B /* Assets.xcassets */; };
		8BBD13C721F203E300461F0B /* Main.storyboard in Resources */ = {isa = PBXBuildFile; fileRef = 8BBD13C521F203E300461F0B /* Main.storyboard */; };
		8BBD13D321F203E300461F0B /* projectTests.swift in Sources */ = {isa = PBXBuildFile; fileRef = 8BBD13D221F203E300461F0B /* projectTests.swift */; };
		8BBD13DE21F203E300461F0B /* projectUITests.swift in Sources */ = {isa = PBXBuildFile; fileRef = 8BBD13DD21F203E300461F0B /* projectUITests.swift */; };
/* End PBXBuildFile section */

/* Begin PBXContainerItemProxy section */
		8BBD13CF21F203E300461F0B /* PBXContainerItemProxy */ = {
			isa = PBXContainerItemProxy;
			containerPortal = 8BBD13B421F203E200461F0B /* Project object */;
			proxyType = 1;
			remoteGlobalIDString = 8BBD13BB21F203E200461F0B;
			remoteInfo = project;
		};
		8BBD13DA21F203E300461F0B /* PBXContainerItemProxy */ = {
			isa = PBXContainerItemProxy;
			containerPortal = 8BBD13B421F203E200461F0B /* Project object */;
			proxyType = 1;
			remoteGlobalIDString = 8BBD13BB21F203E200461F0B;
			remoteInfo = project;
		};
/* End PBXContainerItemProxy section */

/* Begin PBXFileReference section */
		8BBD13BC21F203E200461F0B /* project.app */ = {isa = PBXFileReference; explicitFileType = wrapper.application; includeInIndex = 0; path = project.app; sourceTree = BUILT_PRODUCTS_DIR; };
		8BBD13BF21F203E200461F0B /* AppDelegate.swift */ = {isa = PBXFileReference; lastKnownFileType = sourcecode.swift; path = AppDelegate.swift; sourceTree = "<group>"; };
		8BBD13C121F203E200461F0B /* ViewController.swift */ = {isa = PBXFileReference; lastKnownFileType = sourcecode.swift; path = ViewController.swift; sourceTree = "<group>"; };
		8BBD13C321F203E300461F0B /* Assets.xcassets */ = {isa = PBXFileReference; lastKnownFileType = folder.assetcatalog; path = Assets.xcassets; sourceTree = "<group>"; };
		8BBD13C621F203E300461F0B /* Base */ = {isa = PBXFileReference; lastKnownFileType = file.storyboard; name = Base; path = Base.lproj/Main.storyboard; sourceTree = "<group>"; };
		8BBD13C821F203E300461F0B /* Info.plist */ = {isa = PBXFileReference; lastKnownFileType = text.plist.xml; path = Info.plist; sourceTree = "<group>"; };
		8BBD13C921F203E300461F0B /* project.entitlements */ = {isa = PBXFileReference; lastKnownFileType = text.plist.entitlements; path = project.entitlements; sourceTree = "<group>"; };
		8BBD13CE21F203E300461F0B /* projectTests.xctest */ = {isa = PBXFileReference; explicitFileType = wrapper.cfbundle; includeInIndex = 0; path = projectTests.xctest; sourceTree = BUILT_PRODUCTS_DIR; };
		8BBD13D221F203E300461F0B /* projectTests.swift */ = {isa = PBXFileReference; lastKnownFileType = sourcecode.swift; path = projectTests.swift; sourceTree = "<group>"; };
		8BBD13D421F203E300461F0B /* Info.plist */ = {isa = PBXFileReference; lastKnownFileType = text.plist.xml; path = Info.plist; sourceTree = "<group>"; };
		8BBD13D921F203E300461F0B /* projectUITests.xctest */ = {isa = PBXFileReference; explicitFileType = wrapper.cfbundle; includeInIndex = 0; path = projectUITests.xctest; sourceTree = BUILT_PRODUCTS_DIR; };
		8BBD13DD21F203E300461F0B /* projectUITests.swift */ = {isa = PBXFileReference; lastKnownFileType = sourcecode.swift; path = projectUITests.swift; sourceTree = "<group>"; };
		8BBD13DF21F203E300461F0B /* Info.plist */ = {isa = PBXFileReference; lastKnownFileType = text.plist.xml; path = Info.plist; sourceTree = "<group>"; };
/* End PBXFileReference section */

/* Begin PBXFrameworksBuildPhase section */
		8BBD13B921F203E200461F0B /* Frameworks */ = {
			isa = PBXFrameworksBuildPhase;
			buildActionMask = 2147483647;
			files = (
			);
			runOnlyForDeploymentPostprocessing = 0;
		};
		8BBD13CB21F203E300461F0B /* Frameworks */ = {
			isa = PBXFrameworksBuildPhase;
			buildActionMask = 2147483647;
			files = (
			);
			runOnlyForDeploymentPostprocessing = 0;
		};
		8BBD13D621F203E300461F0B /* Frameworks */ = {
			isa = PBXFrameworksBuildPhase;
			buildActionMask = 2147483647;
			files = (
			);
			runOnlyForDeploymentPostprocessing = 0;
		};
/* End PBXFrameworksBuildPhase section */

/* Begin PBXGroup section */
		8BBD13B321F203E200461F0B = {
			isa = PBXGroup;
			children = (
				8BBD13BE21F203E200461F0B /* project */,
				8BBD13D121F203E300461F0B /* projectTests */,
				8BBD13DC21F203E300461F0B /* projectUITests */,
				8BBD13BD21F203E200461F0B /* Products */,
			);
			sourceTree = "<group>";
		};
		8BBD13BD21F203E200461F0B /* Products */ = {
			isa = PBXGroup;
			children = (
				8BBD13BC21F203E200461F0B /* project.app */,
				8BBD13CE21F203E300461F0B /* projectTests.xctest */,
				8BBD13D921F203E300461F0B /* projectUITests.xctest */,
			);
			name = Products;
			sourceTree = "<group>";
		};
		8BBD13BE21F203E200461F0B /* project */ = {
			isa = PBXGroup;
			children = (
				8BBD13BF21F203E200461F0B /* AppDelegate.swift */,
				8BBD13C121F203E200461F0B /* ViewController.swift */,
				8BBD13C321F203E300461F0B /* Assets.xcassets */,
				8BBD13C521F203E300461F0B /* Main.storyboard */,
				8BBD13C821F203E300461F0B /* Info.plist */,
				8BBD13C921F203E300461F0B /* project.entitlements */,
			);
			path = project;
			sourceTree = "<group>";
		};
		8BBD13D121F203E300461F0B /* projectTests */ = {
			isa = PBXGroup;
			children = (
				8BBD13D221F203E300461F0B /* projectTests.swift */,
				8BBD13D421F203E300461F0B /* Info.plist */,
			);
			path = projectTests;
			sourceTree = "<group>";
		};
		8BBD13DC21F203E300461F0B /* projectUITests */ = {
			isa = PBXGroup;
			children = (
				8BBD13DD21F203E300461F0B /* projectUITests.swift */,
				8BBD13DF21F203E300461F0B /* Info.plist */,
			);
			path = projectUITests;
			sourceTree = "<group>";
		};
/* End PBXGroup section */

/* Begin PBXNativeTarget section */
		8BBD13BB21F203E200461F0B /* project */ = {
			isa = PBXNativeTarget;
			buildConfigurationList = 8BBD13E221F203E300461F0B /* Build configuration list for PBXNativeTarget "project" */;
			buildPhases = (
				8BBD13B821F203E200461F0B /* Sources */,
				8BBD13B921F203E200461F0B /* Frameworks */,
				8BBD13BA21F203E200461F0B /* Resources */,
			);
			buildRules = (
			);
			dependencies = (
			);
			name = project;
			productName = project;
			productReference = 8BBD13BC21F203E200461F0B /* project.app */;
			productType = "com.apple.product-type.application";
		};
		8BBD13CD21F203E300461F0B /* projectTests */ = {
			isa = PBXNativeTarget;
			buildConfigurationList = 8BBD13E521F203E300461F0B /* Build configuration list for PBXNativeTarget "projectTests" */;
			buildPhases = (
				8BBD13CA21F203E300461F0B /* Sources */,
				8BBD13CB21F203E300461F0B /* Frameworks */,
				8BBD13CC21F203E300461F0B /* Resources */,
			);
			buildRules = (
			);
			dependencies = (
				8BBD13D021F203E300461F0B /* PBXTargetDependency */,
			);
			name = projectTests;
			productName = projectTests;
			productReference = 8BBD13CE21F203E300461F0B /* projectTests.xctest */;
			productType = "com.apple.product-type.bundle.unit-test";
		};
		8BBD13D821F203E300461F0B /* projectUITests */ = {
			isa = PBXNativeTarget;
			buildConfigurationList = 8BBD13E821F203E300461F0B /* Build configuration list for PBXNativeTarget "projectUITests" */;
			buildPhases = (
				8BBD13D521F203E300461F0B /* Sources */,
				8BBD13D621F203E300461F0B /* Frameworks */,
				8BBD13D721F203E300461F0B /* Resources */,
			);
			buildRules = (
			);
			dependencies = (
				8BBD13DB21F203E300461F0B /* PBXTargetDependency */,
			);
			name = projectUITests;
			productName = projectUITests;
			productReference = 8BBD13D921F203E300461F0B /* projectUITests.xctest */;
			productType = "com.apple.product-type.bundle.ui-testing";
		};
/* End PBXNativeTarget section */

/* Begin PBXProject section */
		8BBD13B421F203E200461F0B /* Project object */ = {
			isa = PBXProject;
			attributes = {
				LastSwiftUpdateCheck = 1010;
				LastUpgradeCheck = 1010;
				ORGANIZATIONNAME = "Junhao Zeng";
				TargetAttributes = {
					8BBD13BB21F203E200461F0B = {
						CreatedOnToolsVersion = 10.1;
					};
					8BBD13CD21F203E300461F0B = {
						CreatedOnToolsVersion = 10.1;
						TestTargetID = 8BBD13BB21F203E200461F0B;
					};
					8BBD13D821F203E300461F0B = {
						CreatedOnToolsVersion = 10.1;
						TestTargetID = 8BBD13BB21F203E200461F0B;
					};
				};
			};
			buildConfigurationList = 8BBD13B721F203E200461F0B /* Build configuration list for PBXProject "project" */;
			compatibilityVersion = "Xcode 9.3";
			developmentRegion = en;
			hasScannedForEncodings = 0;
			knownRegions = (
				en,
				Base,
			);
			mainGroup = 8BBD13B321F203E200461F0B;
			productRefGroup = 8BBD13BD21F203E200461F0B /* Products */;
			projectDirPath = "";
			projectRoot = "";
			targets = (
				8BBD13BB21F203E200461F0B /* project */,
				8BBD13CD21F203E300461F0B /* projectTests */,
				8BBD13D821F203E300461F0B /* projectUITests */,
			);
		};
/* End PBXProject section */

/* Begin PBXResourcesBuildPhase section */
		8BBD13BA21F203E200461F0B /* Resources */ = {
			isa = PBXResourcesBuildPhase;
			buildActionMask = 2147483647;
			files = (
				8BBD13C421F203E300461F0B /* Assets.xcassets in Resources */,
				8BBD13C721F203E300461F0B /* Main.storyboard in Resources */,
			);
			runOnlyForDeploymentPostprocessing = 0;
		};
		8BBD13CC21F203E300461F0B /* Resources */ = {
			isa = PBXResourcesBuildPhase;
			buildActionMask = 2147483647;
			files = (
			);
			runOnlyForDeploymentPostprocessing = 0;
		};
		8BBD13D721F203E300461F0B /* Resources */ = {
			isa = PBXResourcesBuildPhase;
			buildActionMask = 2147483647;
			files = (
			);
			runOnlyForDeploymentPostprocessing = 0;
		};
/* End PBXResourcesBuildPhase section */

/* Begin PBXSourcesBuildPhase section */
		8BBD13B821F203E200461F0B /* Sources */ = {
			isa = PBXSourcesBuildPhase;
			buildActionMask = 2147483647;
			files = (
				8BBD13C221F203E200461F0B /* ViewController.swift in Sources */,
				8BBD13C021F203E200461F0B /* AppDelegate.swift in Sources */,
			);
			runOnlyForDeploymentPostprocessing = 0;
		};
		8BBD13CA21F203E300461F0B /* Sources */ = {
			isa = PBXSourcesBuildPhase;
			buildActionMask = 2147483647;
			files = (
				8BBD13D321F203E300461F0B /* projectTests.swift in Sources */,
			);
			runOnlyForDeploymentPostprocessing = 0;
		};
		8BBD13D521F203E300461F0B /* Sources */ = {
			isa = PBXSourcesBuildPhase;
			buildActionMask = 2147483647;
			files = (
				8BBD13DE21F203E300461F0B /* projectUITests.swift in Sources */,
			);
			runOnlyForDeploymentPostprocessing = 0;
		};
/* End PBXSourcesBuildPhase section */

/* Begin PBXTargetDependency section */
		8BBD13D021F203E300461F0B /* PBXTargetDependency */ = {
			isa = PBXTargetDependency;
			target = 8BBD13BB21F203E200461F0B /* project */;
			targetProxy = 8BBD13CF21F203E300461F0B /* PBXContainerItemProxy */;
		};
		8BBD13DB21F203E300461F0B /* PBXTargetDependency */ = {
			isa = PBXTargetDependency;
			target = 8BBD13BB21F203E200461F0B /* project */;
			targetProxy = 8BBD13DA21F203E300461F0B /* PBXContainerItemProxy */;
		};
/* End PBXTargetDependency section */

/* Begin PBXVariantGroup section */
		8BBD13C521F203E300461F0B /* Main.storyboard */ = {
			isa = PBXVariantGroup;
			children = (
				8BBD13C621F203E300461F0B /* Base */,
			);
			name = Main.storyboard;
			sourceTree = "<group>";
		};
/* End PBXVariantGroup section */

/* Begin XCBuildConfiguration section */
		8BBD13E021F203E300461F0B /* Debug */ = {
			isa = XCBuildConfiguration;
			buildSettings = {
				ALWAYS_SEARCH_USER_PATHS = NO;
				CLANG_ANALYZER_NONNULL = YES;
				CLANG_ANALYZER_NUMBER_OBJECT_CONVERSION = YES_AGGRESSIVE;
				CLANG_CXX_LANGUAGE_STANDARD = "gnu++14";
				CLANG_CXX_LIBRARY = "libc++";
				CLANG_ENABLE_MODULES = YES;
				CLANG_ENABLE_OBJC_ARC = YES;
				CLANG_ENABLE_OBJC_WEAK = YES;
				CLANG_WARN_BLOCK_CAPTURE_AUTORELEASING = YES;
				CLANG_WARN_BOOL_CONVERSION = YES;
				CLANG_WARN_COMMA = YES;
				CLANG_WARN_CONSTANT_CONVERSION = YES;
				CLANG_WARN_DEPRECATED_OBJC_IMPLEMENTATIONS = YES;
				CLANG_WARN_DIRECT_OBJC_ISA_USAGE = YES_ERROR;
				CLANG_WARN_DOCUMENTATION_COMMENTS = YES;
				CLANG_WARN_EMPTY_BODY = YES;
				CLANG_WARN_ENUM_CONVERSION = YES;
				CLANG_WARN_INFINITE_RECURSION = YES;
				CLANG_WARN_INT_CONVERSION = YES;
				CLANG_WARN_NON_LITERAL_NULL_CONVERSION = YES;
				CLANG_WARN_OBJC_IMPLICIT_RETAIN_SELF = YES;
				CLANG_WARN_OBJC_LITERAL_CONVERSION = YES;
				CLANG_WARN_OBJC_ROOT_CLASS = YES_ERROR;
				CLANG_WARN_RANGE_LOOP_ANALYSIS = YES;
				CLANG_WARN_STRICT_PROTOTYPES = YES;
				CLANG_WARN_SUSPICIOUS_MOVE = YES;
				CLANG_WARN_UNGUARDED_AVAILABILITY = YES_AGGRESSIVE;
				CLANG_WARN_UNREACHABLE_CODE = YES;
				CLANG_WARN__DUPLICATE_METHOD_MATCH = YES;
				CODE_SIGN_IDENTITY = "-";
				COPY_PHASE_STRIP = NO;
				DEBUG_INFORMATION_FORMAT = dwarf;
				ENABLE_STRICT_OBJC_MSGSEND = YES;
				ENABLE_TESTABILITY = YES;
				GCC_C_LANGUAGE_STANDARD = gnu11;
				GCC_DYNAMIC_NO_PIC = NO;
				GCC_NO_COMMON_BLOCKS = YES;
				GCC_OPTIMIZATION_LEVEL = 0;
				GCC_PREPROCESSOR_DEFINITIONS = (
					"DEBUG=1",
					"$(inherited)",
				);
				GCC_WARN_64_TO_32_BIT_CONVERSION = YES;
				GCC_WARN_ABOUT_RETURN_TYPE = YES_ERROR;
				GCC_WARN_UNDECLARED_SELECTOR = YES;
				GCC_WARN_UNINITIALIZED_AUTOS = YES_AGGRESSIVE;
				GCC_WARN_UNUSED_FUNCTION = YES;
				GCC_WARN_UNUSED_VARIABLE = YES;
				MACOSX_DEPLOYMENT_TARGET = 10.14;
				MTL_ENABLE_DEBUG_INFO = INCLUDE_SOURCE;
				MTL_FAST_MATH = YES;
				ONLY_ACTIVE_ARCH = YES;
				SDKROOT = macosx;
				SWIFT_ACTIVE_COMPILATION_CONDITIONS = DEBUG;
				SWIFT_OPTIMIZATION_LEVEL = "-Onone";
			};
			name = Debug;
		};
		8BBD13E121F203E300461F0B /* Release */ = {
			isa = XCBuildConfiguration;
			buildSettings = {
				ALWAYS_SEARCH_USER_PATHS = NO;
				CLANG_ANALYZER_NONNULL = YES;
				CLANG_ANALYZER_NUMBER_OBJECT_CONVERSION = YES_AGGRESSIVE;
				CLANG_CXX_LANGUAGE_STANDARD = "gnu++14";
				CLANG_CXX_LIBRARY = "libc++";
				CLANG_ENABLE_MODULES = YES;
				CLANG_ENABLE_OBJC_ARC = YES;
				CLANG_ENABLE_OBJC_WEAK = YES;
				CLANG_WARN_BLOCK_CAPTURE_AUTORELEASING = YES;
				CLANG_WARN_BOOL_CONVERSION = YES;
				CLANG_WARN_COMMA = YES;
				CLANG_WARN_CONSTANT_CONVERSION = YES;
				CLANG_WARN_DEPRECATED_OBJC_IMPLEMENTATIONS = YES;
				CLANG_WARN_DIRECT_OBJC_ISA_USAGE = YES_ERROR;
				CLANG_WARN_DOCUMENTATION_COMMENTS = YES;
				CLANG_WARN_EMPTY_BODY = YES;
				CLANG_WARN_ENUM_CONVERSION = YES;
				CLANG_WARN_INFINITE_RECURSION = YES;
				CLANG_WARN_INT_CONVERSION = YES;
				CLANG_WARN_NON_LITERAL_NULL_CONVERSION = YES;
				CLANG_WARN_OBJC_IMPLICIT_RETAIN_SELF = YES;
				CLANG_WARN_OBJC_LITERAL_CONVERSION = YES;
				CLANG_WARN_OBJC_ROOT_CLASS = YES_ERROR;
				CLANG_WARN_RANGE_LOOP_ANALYSIS = YES;
				CLANG_WARN_STRICT_PROTOTYPES = YES;
				CLANG_WARN_SUSPICIOUS_MOVE = YES;
				CLANG_WARN_UNGUARDED_AVAILABILITY = YES_AGGRESSIVE;
				CLANG_WARN_UNREACHABLE_CODE = YES;
				CLANG_WARN__DUPLICATE_METHOD_MATCH = YES;
				CODE_SIGN_IDENTITY = "-";
				COPY_PHASE_STRIP = NO;
				DEBUG_INFORMATION_FORMAT = "dwarf-with-dsym";
				ENABLE_NS_ASSERTIONS = NO;
				ENABLE_STRICT_OBJC_MSGSEND = YES;
				GCC_C_LANGUAGE_STANDARD = gnu11;
				GCC_NO_COMMON_BLOCKS = YES;
				GCC_WARN_64_TO_32_BIT_CONVERSION = YES;
				GCC_WARN_ABOUT_RETURN_TYPE = YES_ERROR;
				GCC_WARN_UNDECLARED_SELECTOR = YES;
				GCC_WARN_UNINITIALIZED_AUTOS = YES_AGGRESSIVE;
				GCC_WARN_UNUSED_FUNCTION = YES;
				GCC_WARN_UNUSED_VARIABLE = YES;
				MACOSX_DEPLOYMENT_TARGET = 10.14;
				MTL_ENABLE_DEBUG_INFO = NO;
				MTL_FAST_MATH = YES;
				SDKROOT = macosx;
				SWIFT_COMPILATION_MODE = wholemodule;
				SWIFT_OPTIMIZATION_LEVEL = "-O";
			};
			name = Release;
		};
		8BBD13E321F203E300461F0B /* Debug */ = {
			isa = XCBuildConfiguration;
			buildSettings = {
				ASSETCATALOG_COMPILER_APPICON_NAME = AppIcon;
				CODE_SIGN_ENTITLEMENTS = project/project.entitlements;
				CODE_SIGN_STYLE = Automatic;
				COMBINE_HIDPI_IMAGES = YES;
				INFOPLIST_FILE = project/Info.plist;
				LD_RUNPATH_SEARCH_PATHS = (
					"$(inherited)",
					"@executable_path/../Frameworks",
				);
				PRODUCT_BUNDLE_IDENTIFIER = hacknroll2019.project;
				PRODUCT_NAME = "$(TARGET_NAME)";
				SWIFT_VERSION = 4.2;
			};
			name = Debug;
		};
		8BBD13E421F203E300461F0B /* Release */ = {
			isa = XCBuildConfiguration;
			buildSettings = {
				ASSETCATALOG_COMPILER_APPICON_NAME = AppIcon;
				CODE_SIGN_ENTITLEMENTS = project/project.entitlements;
				CODE_SIGN_STYLE = Automatic;
				COMBINE_HIDPI_IMAGES = YES;
				INFOPLIST_FILE = project/Info.plist;
				LD_RUNPATH_SEARCH_PATHS = (
					"$(inherited)",
					"@executable_path/../Frameworks",
				);
				PRODUCT_BUNDLE_IDENTIFIER = hacknroll2019.project;
				PRODUCT_NAME = "$(TARGET_NAME)";
				SWIFT_VERSION = 4.2;
			};
			name = Release;
		};
		8BBD13E621F203E300461F0B /* Debug */ = {
			isa = XCBuildConfiguration;
			buildSettings = {
				ALWAYS_EMBED_SWIFT_STANDARD_LIBRARIES = YES;
				BUNDLE_LOADER = "$(TEST_HOST)";
				CODE_SIGN_STYLE = Automatic;
				COMBINE_HIDPI_IMAGES = YES;
				INFOPLIST_FILE = projectTests/Info.plist;
				LD_RUNPATH_SEARCH_PATHS = (
					"$(inherited)",
					"@executable_path/../Frameworks",
					"@loader_path/../Frameworks",
				);
				PRODUCT_BUNDLE_IDENTIFIER = hacknroll2019.projectTests;
				PRODUCT_NAME = "$(TARGET_NAME)";
				SWIFT_VERSION = 4.2;
				TEST_HOST = "$(BUILT_PRODUCTS_DIR)/project.app/Contents/MacOS/project";
			};
			name = Debug;
		};
		8BBD13E721F203E300461F0B /* Release */ = {
			isa = XCBuildConfiguration;
			buildSettings = {
				ALWAYS_EMBED_SWIFT_STANDARD_LIBRARIES = YES;
				BUNDLE_LOADER = "$(TEST_HOST)";
				CODE_SIGN_STYLE = Automatic;
				COMBINE_HIDPI_IMAGES = YES;
				INFOPLIST_FILE = projectTests/Info.plist;
				LD_RUNPATH_SEARCH_PATHS = (
					"$(inherited)",
					"@executable_path/../Frameworks",
					"@loader_path/../Frameworks",
				);
				PRODUCT_BUNDLE_IDENTIFIER = hacknroll2019.projectTests;
				PRODUCT_NAME = "$(TARGET_NAME)";
				SWIFT_VERSION = 4.2;
				TEST_HOST = "$(BUILT_PRODUCTS_DIR)/project.app/Contents/MacOS/project";
			};
			name = Release;
		};
		8BBD13E921F203E300461F0B /* Debug */ = {
			isa = XCBuildConfiguration;
			buildSettings = {
				ALWAYS_EMBED_SWIFT_STANDARD_LIBRARIES = YES;
				CODE_SIGN_STYLE = Automatic;
				COMBINE_HIDPI_IMAGES = YES;
				INFOPLIST_FILE = projectUITests/Info.plist;
				LD_RUNPATH_SEARCH_PATHS = (
					"$(inherited)",
					"@executable_path/../Frameworks",
					"@loader_path/../Frameworks",
				);
				PRODUCT_BUNDLE_IDENTIFIER = hacknroll2019.projectUITests;
				PRODUCT_NAME = "$(TARGET_NAME)";
				SWIFT_VERSION = 4.2;
				TEST_TARGET_NAME = project;
			};
			name = Debug;
		};
		8BBD13EA21F203E300461F0B /* Release */ = {
			isa = XCBuildConfiguration;
			buildSettings = {
				ALWAYS_EMBED_SWIFT_STANDARD_LIBRARIES = YES;
				CODE_SIGN_STYLE = Automatic;
				COMBINE_HIDPI_IMAGES = YES;
				INFOPLIST_FILE = projectUITests/Info.plist;
				LD_RUNPATH_SEARCH_PATHS = (
					"$(inherited)",
					"@executable_path/../Frameworks",
					"@loader_path/../Frameworks",
				);
				PRODUCT_BUNDLE_IDENTIFIER = hacknroll2019.projectUITests;
				PRODUCT_NAME = "$(TARGET_NAME)";
				SWIFT_VERSION = 4.2;
				TEST_TARGET_NAME = project;
			};
			name = Release;
		};
/* End XCBuildConfiguration section */

/* Begin XCConfigurationList section */
		8BBD13B721F203E200461F0B /* Build configuration list for PBXProject "project" */ = {
			isa = XCConfigurationList;
			buildConfigurations = (
				8BBD13E021F203E300461F0B /* Debug */,
				8BBD13E121F203E300461F0B /* Release */,
			);
			defaultConfigurationIsVisible = 0;
			defaultConfigurationName = Release;
		};
		8BBD13E221F203E300461F0B /* Build configuration list for PBXNativeTarget "project" */ = {
			isa = XCConfigurationList;
			buildConfigurations = (
				8BBD13E321F203E300461F0B /* Debug */,
				8BBD13E421F203E300461F0B /* Release */,
			);
			defaultConfigurationIsVisible = 0;
			defaultConfigurationName = Release;
		};
		8BBD13E521F203E300461F0B /* Build configuration list for PBXNativeTarget "projectTests" */ = {
			isa = XCConfigurationList;
			buildConfigurations = (
				8BBD13E621F203E300461F0B /* Debug */,
				8BBD13E721F203E300461F0B /* Release */,
			);
			defaultConfigurationIsVisible = 0;
			defaultConfigurationName = Release;
		};
		8BBD13E821F203E300461F0B /* Build configuration list for PBXNativeTarget "projectUITests" */ = {
			isa = XCConfigurationList;
			buildConfigurations = (
				8BBD13E921F203E300461F0B /* Debug */,
				8BBD13EA21F203E300461F0B /* Release */,
			);
			defaultConfigurationIsVisible = 0;
			defaultConfigurationName = Release;
		};
/* End XCConfigurationList section */
	};
	rootObject = 8BBD13B421F203E200461F0B /* Project object */;
}
